# This file is automatically @generated by Cargo.
# It is not intended for manual editing.
version = 4

[[package]]
name = "arrayvec"
version = "0.7.6"
source = "registry+https://github.com/rust-lang/crates.io-index"
checksum = "7c02d123df017efcdfbd739ef81735b36c5ba83ec3c59c80a9d7ecc718f92e50"

[[package]]
name = "bitcoin_hashes"
version = "0.14.0"
source = "registry+https://github.com/rust-lang/crates.io-index"
checksum = "bb18c03d0db0247e147a21a6faafd5a7eb851c743db062de72018b6b7e8e4d16"
dependencies = [
 "hex-conservative",
]

[[package]]
name = "dnssec-prover"
version = "0.6.7"
source = "git+https://github.com/TheBlueMatt/dnssec-prover.git?rev=a0763ddf79ec86b16bad5062ee9192d461e3fa8a#a0763ddf79ec86b16bad5062ee9192d461e3fa8a"
dependencies = [
 "bitcoin_hashes",
 "hex_lit",
]

[[package]]
name = "dnssec_proof"
version = "0.1.0"
dependencies = [
 "dnssec-prover",
]

[[package]]
name = "hex-conservative"
version = "0.2.1"
source = "registry+https://github.com/rust-lang/crates.io-index"
checksum = "5313b072ce3c597065a808dbf612c4c8e8590bdbf8b579508bf7a762c5eae6cd"
dependencies = [
 "arrayvec",
]

[[package]]
name = "hex_lit"
version = "0.1.1"
source = "registry+https://github.com/rust-lang/crates.io-index"
checksum = "3011d1213f159867b13cfd6ac92d2cd5f1345762c63be3554e84092d85a50bbd"
